// !$*UTF8*$!
{
	archiveVersion = 1;
	classes = {
	};
	objectVersion = 46;
	objects = {

/* Begin PBXBuildFile section */
		15279AA3181B72F5006C06DE /* 40.png in Resources */ = {isa = PBXBuildFile; fileRef = 15279A9E181B72F5006C06DE /* 40.png */; };
		15279AA4181B72F5006C06DE /* block.png in Resources */ = {isa = PBXBuildFile; fileRef = 15279A9F181B72F5006C06DE /* block.png */; };
		15279AA5181B72F5006C06DE /* bluetooth.png in Resources */ = {isa = PBXBuildFile; fileRef = 15279AA0181B72F5006C06DE /* bluetooth.png */; };
		15279AA6181B72F5006C06DE /* download.png in Resources */ = {isa = PBXBuildFile; fileRef = 15279AA1181B72F5006C06DE /* download.png */; };
		15279AA7181B72F5006C06DE /* file.png in Resources */ = {isa = PBXBuildFile; fileRef = 15279AA2181B72F5006C06DE /* file.png */; };
		15469039182263CD00EC4FD0 /* center.png in Resources */ = {isa = PBXBuildFile; fileRef = 15469036182263CD00EC4FD0 /* center.png */; };
		1546903A182263CD00EC4FD0 /* select.png in Resources */ = {isa = PBXBuildFile; fileRef = 15469037182263CD00EC4FD0 /* select.png */; };
		1546903B182263CD00EC4FD0 /* shadow.png in Resources */ = {isa = PBXBuildFile; fileRef = 15469038182263CD00EC4FD0 /* shadow.png */; };
		154690421822641600EC4FD0 /* PieChartView.m in Sources */ = {isa = PBXBuildFile; fileRef = 1546903D1822641600EC4FD0 /* PieChartView.m */; };
		154690431822641600EC4FD0 /* RenderView.m in Sources */ = {isa = PBXBuildFile; fileRef = 1546903F1822641600EC4FD0 /* RenderView.m */; };
		154690441822641600EC4FD0 /* RotatedView.m in Sources */ = {isa = PBXBuildFile; fileRef = 154690411822641600EC4FD0 /* RotatedView.m */; };
		15469047182264B200EC4FD0 /* EIPieChartViewController.m in Sources */ = {isa = PBXBuildFile; fileRef = 15469046182264B200EC4FD0 /* EIPieChartViewController.m */; };
		1549BE9F18210E13003C465C /* UIView+MDCShineEffect.m in Sources */ = {isa = PBXBuildFile; fileRef = 1549BE8018210E13003C465C /* UIView+MDCShineEffect.m */; };
		1549BEA018210E13003C465C /* libzbar.a in Frameworks */ = {isa = PBXBuildFile; fileRef = 1549BE9918210E13003C465C /* libzbar.a */; };
		1549BEA118210E13003C465C /* zbar-back.png in Resources */ = {isa = PBXBuildFile; fileRef = 1549BE9B18210E13003C465C /* zbar-back.png */; };
		1549BEA218210E13003C465C /* zbar-help.html in Resources */ = {isa = PBXBuildFile; fileRef = 1549BE9C18210E13003C465C /* zbar-help.html */; };
		1549BEA318210E13003C465C /* zbar-helpicons.png in Resources */ = {isa = PBXBuildFile; fileRef = 1549BE9D18210E13003C465C /* zbar-helpicons.png */; };
		1549BEA418210E13003C465C /* zbar-samples.png in Resources */ = {isa = PBXBuildFile; fileRef = 1549BE9E18210E13003C465C /* zbar-samples.png */; };
		1549BEB618210E86003C465C /* bitstream.c in Sources */ = {isa = PBXBuildFile; fileRef = 1549BEA618210E86003C465C /* bitstream.c */; };
		1549BEB718210E86003C465C /* mask.c in Sources */ = {isa = PBXBuildFile; fileRef = 1549BEA818210E86003C465C /* mask.c */; };
		1549BEB818210E86003C465C /* QRCodeGenerator.m in Sources */ = {isa = PBXBuildFile; fileRef = 1549BEAB18210E86003C465C /* QRCodeGenerator.m */; };
		1549BEB918210E86003C465C /* qrencode.c in Sources */ = {isa = PBXBuildFile; fileRef = 1549BEAC18210E86003C465C /* qrencode.c */; };
		1549BEBA18210E86003C465C /* qrinput.c in Sources */ = {isa = PBXBuildFile; fileRef = 1549BEAE18210E86003C465C /* qrinput.c */; };
		1549BEBB18210E86003C465C /* qrspec.c in Sources */ = {isa = PBXBuildFile; fileRef = 1549BEB018210E86003C465C /* qrspec.c */; };
		1549BEBC18210E86003C465C /* rscode.c in Sources */ = {isa = PBXBuildFile; fileRef = 1549BEB218210E86003C465C /* rscode.c */; };
		1549BEBD18210E86003C465C /* split.c in Sources */ = {isa = PBXBuildFile; fileRef = 1549BEB418210E86003C465C /* split.c */; };
		1549BEC018210EC4003C465C /* EIScannerViewController.m in Sources */ = {isa = PBXBuildFile; fileRef = 1549BEBF18210EC4003C465C /* EIScannerViewController.m */; };
		B50A3D04181F38500022BB2F /* erase.png in Resources */ = {isa = PBXBuildFile; fileRef = B50A3D03181F38500022BB2F /* erase.png */; };
		B51910F2181CFE9C00E3DD7A /* EIQuickNavDataModel.m in Sources */ = {isa = PBXBuildFile; fileRef = B51910F1181CFE9C00E3DD7A /* EIQuickNavDataModel.m */; };
		B55CC86C181B544E003F5CB2 /* Foundation.framework in Frameworks */ = {isa = PBXBuildFile; fileRef = B55CC86B181B544E003F5CB2 /* Foundation.framework */; };
		B55CC86E181B544E003F5CB2 /* CoreGraphics.framework in Frameworks */ = {isa = PBXBuildFile; fileRef = B55CC86D181B544E003F5CB2 /* CoreGraphics.framework */; };
		B55CC870181B544E003F5CB2 /* UIKit.framework in Frameworks */ = {isa = PBXBuildFile; fileRef = B55CC86F181B544E003F5CB2 /* UIKit.framework */; };
		B55CC876181B544E003F5CB2 /* InfoPlist.strings in Resources */ = {isa = PBXBuildFile; fileRef = B55CC874181B544E003F5CB2 /* InfoPlist.strings */; };
		B55CC878181B544E003F5CB2 /* main.m in Sources */ = {isa = PBXBuildFile; fileRef = B55CC877181B544E003F5CB2 /* main.m */; };
		B55CC89F181B54D7003F5CB2 /* EIAppDelegate.m in Sources */ = {isa = PBXBuildFile; fileRef = B55CC89D181B54D7003F5CB2 /* EIAppDelegate.m */; };
		B55CC8A6181B57FE003F5CB2 /* CFNetwork.framework in Frameworks */ = {isa = PBXBuildFile; fileRef = B55CC8A5181B57FE003F5CB2 /* CFNetwork.framework */; };
		B55CC8A8181B580A003F5CB2 /* QuartzCore.framework in Frameworks */ = {isa = PBXBuildFile; fileRef = B55CC8A7181B580A003F5CB2 /* QuartzCore.framework */; };
		B55CC8AA181B5820003F5CB2 /* SystemConfiguration.framework in Frameworks */ = {isa = PBXBuildFile; fileRef = B55CC8A9181B5820003F5CB2 /* SystemConfiguration.framework */; };
		B55CC8AE181B5841003F5CB2 /* libz.1.1.3.dylib in Frameworks */ = {isa = PBXBuildFile; fileRef = B55CC8AD181B5841003F5CB2 /* libz.1.1.3.dylib */; };
		B55CC8B0181B5854003F5CB2 /* Security.framework in Frameworks */ = {isa = PBXBuildFile; fileRef = B55CC8AF181B5854003F5CB2 /* Security.framework */; };
		B55CC8B2181B5869003F5CB2 /* MobileCoreServices.framework in Frameworks */ = {isa = PBXBuildFile; fileRef = B55CC8B1181B5869003F5CB2 /* MobileCoreServices.framework */; };
		B55CC8E8181B58C0003F5CB2 /* ASIAuthenticationDialog.m in Sources */ = {isa = PBXBuildFile; fileRef = B55CC8B5181B58C0003F5CB2 /* ASIAuthenticationDialog.m */; };
		B55CC8E9181B58C0003F5CB2 /* ASIDataCompressor.m in Sources */ = {isa = PBXBuildFile; fileRef = B55CC8B8181B58C0003F5CB2 /* ASIDataCompressor.m */; };
		B55CC8EA181B58C0003F5CB2 /* ASIDataDecompressor.m in Sources */ = {isa = PBXBuildFile; fileRef = B55CC8BA181B58C0003F5CB2 /* ASIDataDecompressor.m */; };
		B55CC8EB181B58C0003F5CB2 /* ASIDownloadCache.m in Sources */ = {isa = PBXBuildFile; fileRef = B55CC8BC181B58C0003F5CB2 /* ASIDownloadCache.m */; };
		B55CC8EC181B58C0003F5CB2 /* ASIFormDataRequest.m in Sources */ = {isa = PBXBuildFile; fileRef = B55CC8BE181B58C0003F5CB2 /* ASIFormDataRequest.m */; };
		B55CC8ED181B58C0003F5CB2 /* ASIHTTPRequest.m in Sources */ = {isa = PBXBuildFile; fileRef = B55CC8C0181B58C0003F5CB2 /* ASIHTTPRequest.m */; };
		B55CC8EE181B58C0003F5CB2 /* ASIInputStream.m in Sources */ = {isa = PBXBuildFile; fileRef = B55CC8C4181B58C0003F5CB2 /* ASIInputStream.m */; };
		B55CC8EF181B58C0003F5CB2 /* ASINetworkQueue.m in Sources */ = {isa = PBXBuildFile; fileRef = B55CC8C6181B58C0003F5CB2 /* ASINetworkQueue.m */; };
		B55CC8F0181B58C0003F5CB2 /* ASIWebPageRequest.m in Sources */ = {isa = PBXBuildFile; fileRef = B55CC8CA181B58C0003F5CB2 /* ASIWebPageRequest.m */; };
		B55CC8F1181B58C0003F5CB2 /* ASICloudFilesCDNRequest.m in Sources */ = {isa = PBXBuildFile; fileRef = B55CC8CD181B58C0003F5CB2 /* ASICloudFilesCDNRequest.m */; };
		B55CC8F2181B58C0003F5CB2 /* ASICloudFilesContainer.m in Sources */ = {isa = PBXBuildFile; fileRef = B55CC8CF181B58C0003F5CB2 /* ASICloudFilesContainer.m */; };
		B55CC8F3181B58C0003F5CB2 /* ASICloudFilesContainerRequest.m in Sources */ = {isa = PBXBuildFile; fileRef = B55CC8D1181B58C0003F5CB2 /* ASICloudFilesContainerRequest.m */; };
		B55CC8F4181B58C0003F5CB2 /* ASICloudFilesContainerXMLParserDelegate.m in Sources */ = {isa = PBXBuildFile; fileRef = B55CC8D3181B58C0003F5CB2 /* ASICloudFilesContainerXMLParserDelegate.m */; };
		B55CC8F5181B58C0003F5CB2 /* ASICloudFilesObject.m in Sources */ = {isa = PBXBuildFile; fileRef = B55CC8D5181B58C0003F5CB2 /* ASICloudFilesObject.m */; };
		B55CC8F6181B58C0003F5CB2 /* ASICloudFilesObjectRequest.m in Sources */ = {isa = PBXBuildFile; fileRef = B55CC8D7181B58C0003F5CB2 /* ASICloudFilesObjectRequest.m */; };
		B55CC8F7181B58C0003F5CB2 /* ASICloudFilesRequest.m in Sources */ = {isa = PBXBuildFile; fileRef = B55CC8D9181B58C0003F5CB2 /* ASICloudFilesRequest.m */; };
		B55CC8F8181B58C0003F5CB2 /* ASIS3Bucket.m in Sources */ = {isa = PBXBuildFile; fileRef = B55CC8DD181B58C0003F5CB2 /* ASIS3Bucket.m */; };
		B55CC8F9181B58C0003F5CB2 /* ASIS3BucketObject.m in Sources */ = {isa = PBXBuildFile; fileRef = B55CC8DF181B58C0003F5CB2 /* ASIS3BucketObject.m */; };
		B55CC8FA181B58C0003F5CB2 /* ASIS3BucketRequest.m in Sources */ = {isa = PBXBuildFile; fileRef = B55CC8E1181B58C0003F5CB2 /* ASIS3BucketRequest.m */; };
		B55CC8FB181B58C0003F5CB2 /* ASIS3ObjectRequest.m in Sources */ = {isa = PBXBuildFile; fileRef = B55CC8E3181B58C0003F5CB2 /* ASIS3ObjectRequest.m */; };
		B55CC8FC181B58C0003F5CB2 /* ASIS3Request.m in Sources */ = {isa = PBXBuildFile; fileRef = B55CC8E5181B58C0003F5CB2 /* ASIS3Request.m */; };
		B55CC8FD181B58C0003F5CB2 /* ASIS3ServiceRequest.m in Sources */ = {isa = PBXBuildFile; fileRef = B55CC8E7181B58C0003F5CB2 /* ASIS3ServiceRequest.m */; };
		B55CC901181B5978003F5CB2 /* JSONKit.m in Sources */ = {isa = PBXBuildFile; fileRef = B55CC900181B5978003F5CB2 /* JSONKit.m */; };
		B55CC903181B5B3D003F5CB2 /* libsqlite3.dylib in Frameworks */ = {isa = PBXBuildFile; fileRef = B55CC902181B5B3D003F5CB2 /* libsqlite3.dylib */; };
		B55CC912181B5BAC003F5CB2 /* FMDatabase+InMemoryOnDiskIO.m in Sources */ = {isa = PBXBuildFile; fileRef = B55CC907181B5BAC003F5CB2 /* FMDatabase+InMemoryOnDiskIO.m */; };
		B55CC913181B5BAC003F5CB2 /* FMDatabase.m in Sources */ = {isa = PBXBuildFile; fileRef = B55CC909181B5BAC003F5CB2 /* FMDatabase.m */; };
		B55CC914181B5BAC003F5CB2 /* FMDatabaseAdditions.m in Sources */ = {isa = PBXBuildFile; fileRef = B55CC90B181B5BAC003F5CB2 /* FMDatabaseAdditions.m */; };
		B55CC915181B5BAC003F5CB2 /* FMDatabasePool.m in Sources */ = {isa = PBXBuildFile; fileRef = B55CC90D181B5BAC003F5CB2 /* FMDatabasePool.m */; };
		B55CC916181B5BAC003F5CB2 /* FMDatabaseQueue.m in Sources */ = {isa = PBXBuildFile; fileRef = B55CC90F181B5BAC003F5CB2 /* FMDatabaseQueue.m */; };
		B55CC917181B5BAC003F5CB2 /* FMResultSet.m in Sources */ = {isa = PBXBuildFile; fileRef = B55CC911181B5BAC003F5CB2 /* FMResultSet.m */; };
		B55CC91B181B60E0003F5CB2 /* MBProgressHUD.m in Sources */ = {isa = PBXBuildFile; fileRef = B55CC91A181B60E0003F5CB2 /* MBProgressHUD.m */; };
		B55CC91F181B6153003F5CB2 /* Reachability.m in Sources */ = {isa = PBXBuildFile; fileRef = B55CC91E181B6153003F5CB2 /* Reachability.m */; };
		B55CC921181B6198003F5CB2 /* libxml2.dylib in Frameworks */ = {isa = PBXBuildFile; fileRef = B55CC920181B6198003F5CB2 /* libxml2.dylib */; };
		B5A21D90181B6AA0002F4E2D /* EIMainViewController.m in Sources */ = {isa = PBXBuildFile; fileRef = B5A21D8F181B6AA0002F4E2D /* EIMainViewController.m */; };
		B5A21D93181B6AD0002F4E2D /* EIQuickNavView.m in Sources */ = {isa = PBXBuildFile; fileRef = B5A21D92181B6AD0002F4E2D /* EIQuickNavView.m */; };
		B5A21D96181B6B0E002F4E2D /* EIPullData.m in Sources */ = {isa = PBXBuildFile; fileRef = B5A21D95181B6B0E002F4E2D /* EIPullData.m */; };
		B5A21D99181B6C49002F4E2D /* 57.png in Resources */ = {isa = PBXBuildFile; fileRef = B5A21D97181B6C49002F4E2D /* 57.png */; };
		B5A21D9A181B6C49002F4E2D /* 114.png in Resources */ = {isa = PBXBuildFile; fileRef = B5A21D98181B6C49002F4E2D /* 114.png */; };
		B5A21D9C181B6D4C002F4E2D /* EIQuickNavPosition.plist in Resources */ = {isa = PBXBuildFile; fileRef = B5A21D9B181B6D4C002F4E2D /* EIQuickNavPosition.plist */; };
		B5D617AF18208B960084A26A /* EIAddQuickNavViewController.m in Sources */ = {isa = PBXBuildFile; fileRef = B5D617AE18208B960084A26A /* EIAddQuickNavViewController.m */; };
		B5D617B118208D750084A26A /* add.png in Resources */ = {isa = PBXBuildFile; fileRef = B5D617B018208D750084A26A /* add.png */; };
/* End PBXBuildFile section */

/* Begin PBXFileReference section */
		15279A9E181B72F5006C06DE /* 40.png */ = {isa = PBXFileReference; lastKnownFileType = image.png; path = 40.png; sourceTree = "<group>"; };
		15279A9F181B72F5006C06DE /* block.png */ = {isa = PBXFileReference; lastKnownFileType = image.png; path = block.png; sourceTree = "<group>"; };
		15279AA0181B72F5006C06DE /* bluetooth.png */ = {isa = PBXFileReference; lastKnownFileType = image.png; path = bluetooth.png; sourceTree = "<group>"; };
		15279AA1181B72F5006C06DE /* download.png */ = {isa = PBXFileReference; lastKnownFileType = image.png; path = download.png; sourceTree = "<group>"; };
		15279AA2181B72F5006C06DE /* file.png */ = {isa = PBXFileReference; lastKnownFileType = image.png; path = file.png; sourceTree = "<group>"; };
		15469036182263CD00EC4FD0 /* center.png */ = {isa = PBXFileReference; lastKnownFileType = image.png; path = center.png; sourceTree = "<group>"; };
		15469037182263CD00EC4FD0 /* select.png */ = {isa = PBXFileReference; lastKnownFileType = image.png; path = select.png; sourceTree = "<group>"; };
		15469038182263CD00EC4FD0 /* shadow.png */ = {isa = PBXFileReference; lastKnownFileType = image.png; path = shadow.png; sourceTree = "<group>"; };
		1546903C1822641600EC4FD0 /* PieChartView.h */ = {isa = PBXFileReference; fileEncoding = 4; lastKnownFileType = sourcecode.c.h; path = PieChartView.h; sourceTree = "<group>"; };
		1546903D1822641600EC4FD0 /* PieChartView.m */ = {isa = PBXFileReference; fileEncoding = 4; lastKnownFileType = sourcecode.c.objc; path = PieChartView.m; sourceTree = "<group>"; };
		1546903E1822641600EC4FD0 /* RenderView.h */ = {isa = PBXFileReference; fileEncoding = 4; lastKnownFileType = sourcecode.c.h; path = RenderView.h; sourceTree = "<group>"; };
		1546903F1822641600EC4FD0 /* RenderView.m */ = {isa = PBXFileReference; fileEncoding = 4; lastKnownFileType = sourcecode.c.objc; path = RenderView.m; sourceTree = "<group>"; };
		154690401822641600EC4FD0 /* RotatedView.h */ = {isa = PBXFileReference; fileEncoding = 4; lastKnownFileType = sourcecode.c.h; path = RotatedView.h; sourceTree = "<group>"; };
		154690411822641600EC4FD0 /* RotatedView.m */ = {isa = PBXFileReference; fileEncoding = 4; lastKnownFileType = sourcecode.c.objc; path = RotatedView.m; sourceTree = "<group>"; };
		15469045182264B200EC4FD0 /* EIPieChartViewController.h */ = {isa = PBXFileReference; fileEncoding = 4; lastKnownFileType = sourcecode.c.h; path = EIPieChartViewController.h; sourceTree = "<group>"; };
		15469046182264B200EC4FD0 /* EIPieChartViewController.m */ = {isa = PBXFileReference; fileEncoding = 4; lastKnownFileType = sourcecode.c.objc; path = EIPieChartViewController.m; sourceTree = "<group>"; };
		1549BE7F18210E13003C465C /* UIView+MDCShineEffect.h */ = {isa = PBXFileReference; fileEncoding = 4; lastKnownFileType = sourcecode.c.h; path = "UIView+MDCShineEffect.h"; sourceTree = "<group>"; };
		1549BE8018210E13003C465C /* UIView+MDCShineEffect.m */ = {isa = PBXFileReference; fileEncoding = 4; lastKnownFileType = sourcecode.c.objc; path = "UIView+MDCShineEffect.m"; sourceTree = "<group>"; };
		1549BE8518210E13003C465C /* Decoder.h */ = {isa = PBXFileReference; fileEncoding = 4; lastKnownFileType = sourcecode.c.h; path = Decoder.h; sourceTree = "<group>"; };
		1549BE8618210E13003C465C /* Exception.h */ = {isa = PBXFileReference; fileEncoding = 4; lastKnownFileType = sourcecode.c.h; path = Exception.h; sourceTree = "<group>"; };
		1549BE8718210E13003C465C /* Image.h */ = {isa = PBXFileReference; fileEncoding = 4; lastKnownFileType = sourcecode.c.h; path = Image.h; sourceTree = "<group>"; };
		1549BE8818210E13003C465C /* ImageScanner.h */ = {isa = PBXFileReference; fileEncoding = 4; lastKnownFileType = sourcecode.c.h; path = ImageScanner.h; sourceTree = "<group>"; };
		1549BE8918210E13003C465C /* Processor.h */ = {isa = PBXFileReference; fileEncoding = 4; lastKnownFileType = sourcecode.c.h; path = Processor.h; sourceTree = "<group>"; };
		1549BE8A18210E13003C465C /* Scanner.h */ = {isa = PBXFileReference; fileEncoding = 4; lastKnownFileType = sourcecode.c.h; path = Scanner.h; sourceTree = "<group>"; };
		1549BE8B18210E13003C465C /* Symbol.h */ = {isa = PBXFileReference; fileEncoding = 4; lastKnownFileType = sourcecode.c.h; path = Symbol.h; sourceTree = "<group>"; };
		1549BE8C18210E13003C465C /* Video.h */ = {isa = PBXFileReference; fileEncoding = 4; lastKnownFileType = sourcecode.c.h; path = Video.h; sourceTree = "<group>"; };
		1549BE8D18210E13003C465C /* Window.h */ = {isa = PBXFileReference; fileEncoding = 4; lastKnownFileType = sourcecode.c.h; path = Window.h; sourceTree = "<group>"; };
		1549BE8E18210E13003C465C /* zbar.h */ = {isa = PBXFileReference; fileEncoding = 4; lastKnownFileType = sourcecode.c.h; path = zbar.h; sourceTree = "<group>"; };
		1549BE8F18210E13003C465C /* ZBarCameraSimulator.h */ = {isa = PBXFileReference; fileEncoding = 4; lastKnownFileType = sourcecode.c.h; path = ZBarCameraSimulator.h; sourceTree = "<group>"; };
		1549BE9018210E13003C465C /* ZBarCaptureReader.h */ = {isa = PBXFileReference; fileEncoding = 4; lastKnownFileType = sourcecode.c.h; path = ZBarCaptureReader.h; sourceTree = "<group>"; };
		1549BE9118210E13003C465C /* ZBarHelpController.h */ = {isa = PBXFileReference; fileEncoding = 4; lastKnownFileType = sourcecode.c.h; path = ZBarHelpController.h; sourceTree = "<group>"; };
		1549BE9218210E13003C465C /* ZBarImage.h */ = {isa = PBXFileReference; fileEncoding = 4; lastKnownFileType = sourcecode.c.h; path = ZBarImage.h; sourceTree = "<group>"; };
		1549BE9318210E13003C465C /* ZBarImageScanner.h */ = {isa = PBXFileReference; fileEncoding = 4; lastKnownFileType = sourcecode.c.h; path = ZBarImageScanner.h; sourceTree = "<group>"; };
		1549BE9418210E13003C465C /* ZBarReaderController.h */ = {isa = PBXFileReference; fileEncoding = 4; lastKnownFileType = sourcecode.c.h; path = ZBarReaderController.h; sourceTree = "<group>"; };
		1549BE9518210E13003C465C /* ZBarReaderView.h */ = {isa = PBXFileReference; fileEncoding = 4; lastKnownFileType = sourcecode.c.h; path = ZBarReaderView.h; sourceTree = "<group>"; };
		1549BE9618210E13003C465C /* ZBarReaderViewController.h */ = {isa = PBXFileReference; fileEncoding = 4; lastKnownFileType = sourcecode.c.h; path = ZBarReaderViewController.h; sourceTree = "<group>"; };
		1549BE9718210E13003C465C /* ZBarSDK.h */ = {isa = PBXFileReference; fileEncoding = 4; lastKnownFileType = sourcecode.c.h; path = ZBarSDK.h; sourceTree = "<group>"; };
		1549BE9818210E13003C465C /* ZBarSymbol.h */ = {isa = PBXFileReference; fileEncoding = 4; lastKnownFileType = sourcecode.c.h; path = ZBarSymbol.h; sourceTree = "<group>"; };
		1549BE9918210E13003C465C /* libzbar.a */ = {isa = PBXFileReference; lastKnownFileType = archive.ar; path = libzbar.a; sourceTree = "<group>"; };
		1549BE9B18210E13003C465C /* zbar-back.png */ = {isa = PBXFileReference; lastKnownFileType = image.png; path = "zbar-back.png"; sourceTree = "<group>"; };
		1549BE9C18210E13003C465C /* zbar-help.html */ = {isa = PBXFileReference; fileEncoding = 4; lastKnownFileType = text.html; path = "zbar-help.html"; sourceTree = "<group>"; };
		1549BE9D18210E13003C465C /* zbar-helpicons.png */ = {isa = PBXFileReference; lastKnownFileType = image.png; path = "zbar-helpicons.png"; sourceTree = "<group>"; };
		1549BE9E18210E13003C465C /* zbar-samples.png */ = {isa = PBXFileReference; lastKnownFileType = image.png; path = "zbar-samples.png"; sourceTree = "<group>"; };
		1549BEA618210E86003C465C /* bitstream.c */ = {isa = PBXFileReference; fileEncoding = 4; lastKnownFileType = sourcecode.c.c; path = bitstream.c; sourceTree = "<group>"; };
		1549BEA718210E86003C465C /* bitstream.h */ = {isa = PBXFileReference; fileEncoding = 4; lastKnownFileType = sourcecode.c.h; path = bitstream.h; sourceTree = "<group>"; };
		1549BEA818210E86003C465C /* mask.c */ = {isa = PBXFileReference; fileEncoding = 4; lastKnownFileType = sourcecode.c.c; path = mask.c; sourceTree = "<group>"; };
		1549BEA918210E86003C465C /* mask.h */ = {isa = PBXFileReference; fileEncoding = 4; lastKnownFileType = sourcecode.c.h; path = mask.h; sourceTree = "<group>"; };
		1549BEAA18210E86003C465C /* QRCodeGenerator.h */ = {isa = PBXFileReference; fileEncoding = 4; lastKnownFileType = sourcecode.c.h; path = QRCodeGenerator.h; sourceTree = "<group>"; };
		1549BEAB18210E86003C465C /* QRCodeGenerator.m */ = {isa = PBXFileReference; fileEncoding = 4; lastKnownFileType = sourcecode.c.objc; path = QRCodeGenerator.m; sourceTree = "<group>"; };
		1549BEAC18210E86003C465C /* qrencode.c */ = {isa = PBXFileReference; fileEncoding = 4; lastKnownFileType = sourcecode.c.c; path = qrencode.c; sourceTree = "<group>"; };
		1549BEAD18210E86003C465C /* qrencode.h */ = {isa = PBXFileReference; fileEncoding = 4; lastKnownFileType = sourcecode.c.h; path = qrencode.h; sourceTree = "<group>"; };
		1549BEAE18210E86003C465C /* qrinput.c */ = {isa = PBXFileReference; fileEncoding = 4; lastKnownFileType = sourcecode.c.c; path = qrinput.c; sourceTree = "<group>"; };
		1549BEAF18210E86003C465C /* qrinput.h */ = {isa = PBXFileReference; fileEncoding = 4; lastKnownFileType = sourcecode.c.h; path = qrinput.h; sourceTree = "<group>"; };
		1549BEB018210E86003C465C /* qrspec.c */ = {isa = PBXFileReference; fileEncoding = 4; lastKnownFileType = sourcecode.c.c; path = qrspec.c; sourceTree = "<group>"; };
		1549BEB118210E86003C465C /* qrspec.h */ = {isa = PBXFileReference; fileEncoding = 4; lastKnownFileType = sourcecode.c.h; path = qrspec.h; sourceTree = "<group>"; };
		1549BEB218210E86003C465C /* rscode.c */ = {isa = PBXFileReference; fileEncoding = 4; lastKnownFileType = sourcecode.c.c; path = rscode.c; sourceTree = "<group>"; };
		1549BEB318210E86003C465C /* rscode.h */ = {isa = PBXFileReference; fileEncoding = 4; lastKnownFileType = sourcecode.c.h; path = rscode.h; sourceTree = "<group>"; };
		1549BEB418210E86003C465C /* split.c */ = {isa = PBXFileReference; fileEncoding = 4; lastKnownFileType = sourcecode.c.c; path = split.c; sourceTree = "<group>"; };
		1549BEB518210E86003C465C /* split.h */ = {isa = PBXFileReference; fileEncoding = 4; lastKnownFileType = sourcecode.c.h; path = split.h; sourceTree = "<group>"; };
		1549BEBE18210EC4003C465C /* EIScannerViewController.h */ = {isa = PBXFileReference; fileEncoding = 4; lastKnownFileType = sourcecode.c.h; path = EIScannerViewController.h; sourceTree = "<group>"; };
		1549BEBF18210EC4003C465C /* EIScannerViewController.m */ = {isa = PBXFileReference; fileEncoding = 4; lastKnownFileType = sourcecode.c.objc; path = EIScannerViewController.m; sourceTree = "<group>"; };
		B50A3D03181F38500022BB2F /* erase.png */ = {isa = PBXFileReference; lastKnownFileType = image.png; path = erase.png; sourceTree = "<group>"; };
		B51910F0181CFE9C00E3DD7A /* EIQuickNavDataModel.h */ = {isa = PBXFileReference; fileEncoding = 4; lastKnownFileType = sourcecode.c.h; path = EIQuickNavDataModel.h; sourceTree = "<group>"; };
		B51910F1181CFE9C00E3DD7A /* EIQuickNavDataModel.m */ = {isa = PBXFileReference; fileEncoding = 4; lastKnownFileType = sourcecode.c.objc; path = EIQuickNavDataModel.m; sourceTree = "<group>"; };
		B55CC868181B544D003F5CB2 /* EINumbers.app */ = {isa = PBXFileReference; explicitFileType = wrapper.application; includeInIndex = 0; path = EINumbers.app; sourceTree = BUILT_PRODUCTS_DIR; };
		B55CC86B181B544E003F5CB2 /* Foundation.framework */ = {isa = PBXFileReference; lastKnownFileType = wrapper.framework; name = Foundation.framework; path = System/Library/Frameworks/Foundation.framework; sourceTree = SDKROOT; };
		B55CC86D181B544E003F5CB2 /* CoreGraphics.framework */ = {isa = PBXFileReference; lastKnownFileType = wrapper.framework; name = CoreGraphics.framework; path = System/Library/Frameworks/CoreGraphics.framework; sourceTree = SDKROOT; };
		B55CC86F181B544E003F5CB2 /* UIKit.framework */ = {isa = PBXFileReference; lastKnownFileType = wrapper.framework; name = UIKit.framework; path = System/Library/Frameworks/UIKit.framework; sourceTree = SDKROOT; };
		B55CC873181B544E003F5CB2 /* EINumbers-Info.plist */ = {isa = PBXFileReference; lastKnownFileType = text.plist.xml; path = "EINumbers-Info.plist"; sourceTree = "<group>"; };
		B55CC875181B544E003F5CB2 /* en */ = {isa = PBXFileReference; lastKnownFileType = text.plist.strings; name = en; path = en.lproj/InfoPlist.strings; sourceTree = "<group>"; };
		B55CC877181B544E003F5CB2 /* main.m */ = {isa = PBXFileReference; lastKnownFileType = sourcecode.c.objc; path = main.m; sourceTree = "<group>"; };
		B55CC879181B544E003F5CB2 /* EINumbers-Prefix.pch */ = {isa = PBXFileReference; lastKnownFileType = sourcecode.c.h; path = "EINumbers-Prefix.pch"; sourceTree = "<group>"; };
		B55CC884181B544E003F5CB2 /* XCTest.framework */ = {isa = PBXFileReference; lastKnownFileType = wrapper.framework; name = XCTest.framework; path = Library/Frameworks/XCTest.framework; sourceTree = DEVELOPER_DIR; };
		B55CC89C181B54D7003F5CB2 /* EIAppDelegate.h */ = {isa = PBXFileReference; fileEncoding = 4; lastKnownFileType = sourcecode.c.h; path = EIAppDelegate.h; sourceTree = "<group>"; };
		B55CC89D181B54D7003F5CB2 /* EIAppDelegate.m */ = {isa = PBXFileReference; fileEncoding = 4; lastKnownFileType = sourcecode.c.objc; path = EIAppDelegate.m; sourceTree = "<group>"; };
		B55CC8A5181B57FE003F5CB2 /* CFNetwork.framework */ = {isa = PBXFileReference; lastKnownFileType = wrapper.framework; name = CFNetwork.framework; path = System/Library/Frameworks/CFNetwork.framework; sourceTree = SDKROOT; };
		B55CC8A7181B580A003F5CB2 /* QuartzCore.framework */ = {isa = PBXFileReference; lastKnownFileType = wrapper.framework; name = QuartzCore.framework; path = System/Library/Frameworks/QuartzCore.framework; sourceTree = SDKROOT; };
		B55CC8A9181B5820003F5CB2 /* SystemConfiguration.framework */ = {isa = PBXFileReference; lastKnownFileType = wrapper.framework; name = SystemConfiguration.framework; path = System/Library/Frameworks/SystemConfiguration.framework; sourceTree = SDKROOT; };
		B55CC8AD181B5841003F5CB2 /* libz.1.1.3.dylib */ = {isa = PBXFileReference; lastKnownFileType = "compiled.mach-o.dylib"; name = libz.1.1.3.dylib; path = usr/lib/libz.1.1.3.dylib; sourceTree = SDKROOT; };
		B55CC8AF181B5854003F5CB2 /* Security.framework */ = {isa = PBXFileReference; lastKnownFileType = wrapper.framework; name = Security.framework; path = System/Library/Frameworks/Security.framework; sourceTree = SDKROOT; };
		B55CC8B1181B5869003F5CB2 /* MobileCoreServices.framework */ = {isa = PBXFileReference; lastKnownFileType = wrapper.framework; name = MobileCoreServices.framework; path = System/Library/Frameworks/MobileCoreServices.framework; sourceTree = SDKROOT; };
		B55CC8B4181B58C0003F5CB2 /* ASIAuthenticationDialog.h */ = {isa = PBXFileReference; fileEncoding = 4; lastKnownFileType = sourcecode.c.h; path = ASIAuthenticationDialog.h; sourceTree = "<group>"; };
		B55CC8B5181B58C0003F5CB2 /* ASIAuthenticationDialog.m */ = {isa = PBXFileReference; fileEncoding = 4; lastKnownFileType = sourcecode.c.objc; path = ASIAuthenticationDialog.m; sourceTree = "<group>"; };
		B55CC8B6181B58C0003F5CB2 /* ASICacheDelegate.h */ = {isa = PBXFileReference; fileEncoding = 4; lastKnownFileType = sourcecode.c.h; path = ASICacheDelegate.h; sourceTree = "<group>"; };
		B55CC8B7181B58C0003F5CB2 /* ASIDataCompressor.h */ = {isa = PBXFileReference; fileEncoding = 4; lastKnownFileType = sourcecode.c.h; path = ASIDataCompressor.h; sourceTree = "<group>"; };
		B55CC8B8181B58C0003F5CB2 /* ASIDataCompressor.m */ = {isa = PBXFileReference; fileEncoding = 4; lastKnownFileType = sourcecode.c.objc; path = ASIDataCompressor.m; sourceTree = "<group>"; };
		B55CC8B9181B58C0003F5CB2 /* ASIDataDecompressor.h */ = {isa = PBXFileReference; fileEncoding = 4; lastKnownFileType = sourcecode.c.h; path = ASIDataDecompressor.h; sourceTree = "<group>"; };
		B55CC8BA181B58C0003F5CB2 /* ASIDataDecompressor.m */ = {isa = PBXFileReference; fileEncoding = 4; lastKnownFileType = sourcecode.c.objc; path = ASIDataDecompressor.m; sourceTree = "<group>"; };
		B55CC8BB181B58C0003F5CB2 /* ASIDownloadCache.h */ = {isa = PBXFileReference; fileEncoding = 4; lastKnownFileType = sourcecode.c.h; path = ASIDownloadCache.h; sourceTree = "<group>"; };
		B55CC8BC181B58C0003F5CB2 /* ASIDownloadCache.m */ = {isa = PBXFileReference; fileEncoding = 4; lastKnownFileType = sourcecode.c.objc; path = ASIDownloadCache.m; sourceTree = "<group>"; };
		B55CC8BD181B58C0003F5CB2 /* ASIFormDataRequest.h */ = {isa = PBXFileReference; fileEncoding = 4; lastKnownFileType = sourcecode.c.h; path = ASIFormDataRequest.h; sourceTree = "<group>"; };
		B55CC8BE181B58C0003F5CB2 /* ASIFormDataRequest.m */ = {isa = PBXFileReference; fileEncoding = 4; lastKnownFileType = sourcecode.c.objc; path = ASIFormDataRequest.m; sourceTree = "<group>"; };
		B55CC8BF181B58C0003F5CB2 /* ASIHTTPRequest.h */ = {isa = PBXFileReference; fileEncoding = 4; lastKnownFileType = sourcecode.c.h; path = ASIHTTPRequest.h; sourceTree = "<group>"; };
		B55CC8C0181B58C0003F5CB2 /* ASIHTTPRequest.m */ = {isa = PBXFileReference; fileEncoding = 4; lastKnownFileType = sourcecode.c.objc; path = ASIHTTPRequest.m; sourceTree = "<group>"; };
		B55CC8C1181B58C0003F5CB2 /* ASIHTTPRequestConfig.h */ = {isa = PBXFileReference; fileEncoding = 4; lastKnownFileType = sourcecode.c.h; path = ASIHTTPRequestConfig.h; sourceTree = "<group>"; };
		B55CC8C2181B58C0003F5CB2 /* ASIHTTPRequestDelegate.h */ = {isa = PBXFileReference; fileEncoding = 4; lastKnownFileType = sourcecode.c.h; path = ASIHTTPRequestDelegate.h; sourceTree = "<group>"; };
		B55CC8C3181B58C0003F5CB2 /* ASIInputStream.h */ = {isa = PBXFileReference; fileEncoding = 4; lastKnownFileType = sourcecode.c.h; path = ASIInputStream.h; sourceTree = "<group>"; };
		B55CC8C4181B58C0003F5CB2 /* ASIInputStream.m */ = {isa = PBXFileReference; fileEncoding = 4; lastKnownFileType = sourcecode.c.objc; path = ASIInputStream.m; sourceTree = "<group>"; };
		B55CC8C5181B58C0003F5CB2 /* ASINetworkQueue.h */ = {isa = PBXFileReference; fileEncoding = 4; lastKnownFileType = sourcecode.c.h; path = ASINetworkQueue.h; sourceTree = "<group>"; };
		B55CC8C6181B58C0003F5CB2 /* ASINetworkQueue.m */ = {isa = PBXFileReference; fileEncoding = 4; lastKnownFileType = sourcecode.c.objc; path = ASINetworkQueue.m; sourceTree = "<group>"; };
		B55CC8C7181B58C0003F5CB2 /* ASIProgressDelegate.h */ = {isa = PBXFileReference; fileEncoding = 4; lastKnownFileType = sourcecode.c.h; path = ASIProgressDelegate.h; sourceTree = "<group>"; };
		B55CC8C9181B58C0003F5CB2 /* ASIWebPageRequest.h */ = {isa = PBXFileReference; fileEncoding = 4; lastKnownFileType = sourcecode.c.h; path = ASIWebPageRequest.h; sourceTree = "<group>"; };
		B55CC8CA181B58C0003F5CB2 /* ASIWebPageRequest.m */ = {isa = PBXFileReference; fileEncoding = 4; lastKnownFileType = sourcecode.c.objc; path = ASIWebPageRequest.m; sourceTree = "<group>"; };
		B55CC8CC181B58C0003F5CB2 /* ASICloudFilesCDNRequest.h */ = {isa = PBXFileReference; fileEncoding = 4; lastKnownFileType = sourcecode.c.h; path = ASICloudFilesCDNRequest.h; sourceTree = "<group>"; };
		B55CC8CD181B58C0003F5CB2 /* ASICloudFilesCDNRequest.m */ = {isa = PBXFileReference; fileEncoding = 4; lastKnownFileType = sourcecode.c.objc; path = ASICloudFilesCDNRequest.m; sourceTree = "<group>"; };
		B55CC8CE181B58C0003F5CB2 /* ASICloudFilesContainer.h */ = {isa = PBXFileReference; fileEncoding = 4; lastKnownFileType = sourcecode.c.h; path = ASICloudFilesContainer.h; sourceTree = "<group>"; };
		B55CC8CF181B58C0003F5CB2 /* ASICloudFilesContainer.m */ = {isa = PBXFileReference; fileEncoding = 4; lastKnownFileType = sourcecode.c.objc; path = ASICloudFilesContainer.m; sourceTree = "<group>"; };
		B55CC8D0181B58C0003F5CB2 /* ASICloudFilesContainerRequest.h */ = {isa = PBXFileReference; fileEncoding = 4; lastKnownFileType = sourcecode.c.h; path = ASICloudFilesContainerRequest.h; sourceTree = "<group>"; };
		B55CC8D1181B58C0003F5CB2 /* ASICloudFilesContainerRequest.m */ = {isa = PBXFileReference; fileEncoding = 4; lastKnownFileType = sourcecode.c.objc; path = ASICloudFilesContainerRequest.m; sourceTree = "<group>"; };
		B55CC8D2181B58C0003F5CB2 /* ASICloudFilesContainerXMLParserDelegate.h */ = {isa = PBXFileReference; fileEncoding = 4; lastKnownFileType = sourcecode.c.h; path = ASICloudFilesContainerXMLParserDelegate.h; sourceTree = "<group>"; };
		B55CC8D3181B58C0003F5CB2 /* ASICloudFilesContainerXMLParserDelegate.m */ = {isa = PBXFileReference; fileEncoding = 4; lastKnownFileType = sourcecode.c.objc; path = ASICloudFilesContainerXMLParserDelegate.m; sourceTree = "<group>"; };
		B55CC8D4181B58C0003F5CB2 /* ASICloudFilesObject.h */ = {isa = PBXFileReference; fileEncoding = 4; lastKnownFileType = sourcecode.c.h; path = ASICloudFilesObject.h; sourceTree = "<group>"; };
		B55CC8D5181B58C0003F5CB2 /* ASICloudFilesObject.m */ = {isa = PBXFileReference; fileEncoding = 4; lastKnownFileType = sourcecode.c.objc; path = ASICloudFilesObject.m; sourceTree = "<group>"; };
		B55CC8D6181B58C0003F5CB2 /* ASICloudFilesObjectRequest.h */ = {isa = PBXFileReference; fileEncoding = 4; lastKnownFileType = sourcecode.c.h; path = ASICloudFilesObjectRequest.h; sourceTree = "<group>"; };
		B55CC8D7181B58C0003F5CB2 /* ASICloudFilesObjectRequest.m */ = {isa = PBXFileReference; fileEncoding = 4; lastKnownFileType = sourcecode.c.objc; path = ASICloudFilesObjectRequest.m; sourceTree = "<group>"; };
		B55CC8D8181B58C0003F5CB2 /* ASICloudFilesRequest.h */ = {isa = PBXFileReference; fileEncoding = 4; lastKnownFileType = sourcecode.c.h; path = ASICloudFilesRequest.h; sourceTree = "<group>"; };
		B55CC8D9181B58C0003F5CB2 /* ASICloudFilesRequest.m */ = {isa = PBXFileReference; fileEncoding = 4; lastKnownFileType = sourcecode.c.objc; path = ASICloudFilesRequest.m; sourceTree = "<group>"; };
		B55CC8DB181B58C0003F5CB2 /* ASINSXMLParserCompat.h */ = {isa = PBXFileReference; fileEncoding = 4; lastKnownFileType = sourcecode.c.h; path = ASINSXMLParserCompat.h; sourceTree = "<group>"; };
		B55CC8DC181B58C0003F5CB2 /* ASIS3Bucket.h */ = {isa = PBXFileReference; fileEncoding = 4; lastKnownFileType = sourcecode.c.h; path = ASIS3Bucket.h; sourceTree = "<group>"; };
		B55CC8DD181B58C0003F5CB2 /* ASIS3Bucket.m */ = {isa = PBXFileReference; fileEncoding = 4; lastKnownFileType = sourcecode.c.objc; path = ASIS3Bucket.m; sourceTree = "<group>"; };
		B55CC8DE181B58C0003F5CB2 /* ASIS3BucketObject.h */ = {isa = PBXFileReference; fileEncoding = 4; lastKnownFileType = sourcecode.c.h; path = ASIS3BucketObject.h; sourceTree = "<group>"; };
		B55CC8DF181B58C0003F5CB2 /* ASIS3BucketObject.m */ = {isa = PBXFileReference; fileEncoding = 4; lastKnownFileType = sourcecode.c.objc; path = ASIS3BucketObject.m; sourceTree = "<group>"; };
		B55CC8E0181B58C0003F5CB2 /* ASIS3BucketRequest.h */ = {isa = PBXFileReference; fileEncoding = 4; lastKnownFileType = sourcecode.c.h; path = ASIS3BucketRequest.h; sourceTree = "<group>"; };
		B55CC8E1181B58C0003F5CB2 /* ASIS3BucketRequest.m */ = {isa = PBXFileReference; fileEncoding = 4; lastKnownFileType = sourcecode.c.objc; path = ASIS3BucketRequest.m; sourceTree = "<group>"; };
		B55CC8E2181B58C0003F5CB2 /* ASIS3ObjectRequest.h */ = {isa = PBXFileReference; fileEncoding = 4; lastKnownFileType = sourcecode.c.h; path = ASIS3ObjectRequest.h; sourceTree = "<group>"; };
		B55CC8E3181B58C0003F5CB2 /* ASIS3ObjectRequest.m */ = {isa = PBXFileReference; fileEncoding = 4; lastKnownFileType = sourcecode.c.objc; path = ASIS3ObjectRequest.m; sourceTree = "<group>"; };
		B55CC8E4181B58C0003F5CB2 /* ASIS3Request.h */ = {isa = PBXFileReference; fileEncoding = 4; lastKnownFileType = sourcecode.c.h; path = ASIS3Request.h; sourceTree = "<group>"; };
		B55CC8E5181B58C0003F5CB2 /* ASIS3Request.m */ = {isa = PBXFileReference; fileEncoding = 4; lastKnownFileType = sourcecode.c.objc; path = ASIS3Request.m; sourceTree = "<group>"; };
		B55CC8E6181B58C0003F5CB2 /* ASIS3ServiceRequest.h */ = {isa = PBXFileReference; fileEncoding = 4; lastKnownFileType = sourcecode.c.h; path = ASIS3ServiceRequest.h; sourceTree = "<group>"; };
		B55CC8E7181B58C0003F5CB2 /* ASIS3ServiceRequest.m */ = {isa = PBXFileReference; fileEncoding = 4; lastKnownFileType = sourcecode.c.objc; path = ASIS3ServiceRequest.m; sourceTree = "<group>"; };
		B55CC8FF181B5978003F5CB2 /* JSONKit.h */ = {isa = PBXFileReference; fileEncoding = 4; lastKnownFileType = sourcecode.c.h; path = JSONKit.h; sourceTree = "<group>"; };
		B55CC900181B5978003F5CB2 /* JSONKit.m */ = {isa = PBXFileReference; fileEncoding = 4; lastKnownFileType = sourcecode.c.objc; path = JSONKit.m; sourceTree = "<group>"; };
		B55CC902181B5B3D003F5CB2 /* libsqlite3.dylib */ = {isa = PBXFileReference; lastKnownFileType = "compiled.mach-o.dylib"; name = libsqlite3.dylib; path = usr/lib/libsqlite3.dylib; sourceTree = SDKROOT; };
		B55CC906181B5BAC003F5CB2 /* FMDatabase+InMemoryOnDiskIO.h */ = {isa = PBXFileReference; fileEncoding = 4; lastKnownFileType = sourcecode.c.h; path = "FMDatabase+InMemoryOnDiskIO.h"; sourceTree = "<group>"; };
		B55CC907181B5BAC003F5CB2 /* FMDatabase+InMemoryOnDiskIO.m */ = {isa = PBXFileReference; fileEncoding = 4; lastKnownFileType = sourcecode.c.objc; path = "FMDatabase+InMemoryOnDiskIO.m"; sourceTree = "<group>"; };
		B55CC908181B5BAC003F5CB2 /* FMDatabase.h */ = {isa = PBXFileReference; fileEncoding = 4; lastKnownFileType = sourcecode.c.h; path = FMDatabase.h; sourceTree = "<group>"; };
		B55CC909181B5BAC003F5CB2 /* FMDatabase.m */ = {isa = PBXFileReference; fileEncoding = 4; lastKnownFileType = sourcecode.c.objc; path = FMDatabase.m; sourceTree = "<group>"; };
		B55CC90A181B5BAC003F5CB2 /* FMDatabaseAdditions.h */ = {isa = PBXFileReference; fileEncoding = 4; lastKnownFileType = sourcecode.c.h; path = FMDatabaseAdditions.h; sourceTree = "<group>"; };
		B55CC90B181B5BAC003F5CB2 /* FMDatabaseAdditions.m */ = {isa = PBXFileReference; fileEncoding = 4; lastKnownFileType = sourcecode.c.objc; path = FMDatabaseAdditions.m; sourceTree = "<group>"; };
		B55CC90C181B5BAC003F5CB2 /* FMDatabasePool.h */ = {isa = PBXFileReference; fileEncoding = 4; lastKnownFileType = sourcecode.c.h; path = FMDatabasePool.h; sourceTree = "<group>"; };
		B55CC90D181B5BAC003F5CB2 /* FMDatabasePool.m */ = {isa = PBXFileReference; fileEncoding = 4; lastKnownFileType = sourcecode.c.objc; path = FMDatabasePool.m; sourceTree = "<group>"; };
		B55CC90E181B5BAC003F5CB2 /* FMDatabaseQueue.h */ = {isa = PBXFileReference; fileEncoding = 4; lastKnownFileType = sourcecode.c.h; path = FMDatabaseQueue.h; sourceTree = "<group>"; };
		B55CC90F181B5BAC003F5CB2 /* FMDatabaseQueue.m */ = {isa = PBXFileReference; fileEncoding = 4; lastKnownFileType = sourcecode.c.objc; path = FMDatabaseQueue.m; sourceTree = "<group>"; };
		B55CC910181B5BAC003F5CB2 /* FMResultSet.h */ = {isa = PBXFileReference; fileEncoding = 4; lastKnownFileType = sourcecode.c.h; path = FMResultSet.h; sourceTree = "<group>"; };
		B55CC911181B5BAC003F5CB2 /* FMResultSet.m */ = {isa = PBXFileReference; fileEncoding = 4; lastKnownFileType = sourcecode.c.objc; path = FMResultSet.m; sourceTree = "<group>"; };
		B55CC919181B60E0003F5CB2 /* MBProgressHUD.h */ = {isa = PBXFileReference; fileEncoding = 4; lastKnownFileType = sourcecode.c.h; path = MBProgressHUD.h; sourceTree = "<group>"; };
		B55CC91A181B60E0003F5CB2 /* MBProgressHUD.m */ = {isa = PBXFileReference; fileEncoding = 4; lastKnownFileType = sourcecode.c.objc; path = MBProgressHUD.m; sourceTree = "<group>"; };
		B55CC91D181B6153003F5CB2 /* Reachability.h */ = {isa = PBXFileReference; fileEncoding = 4; lastKnownFileType = sourcecode.c.h; path = Reachability.h; sourceTree = "<group>"; };
		B55CC91E181B6153003F5CB2 /* Reachability.m */ = {isa = PBXFileReference; fileEncoding = 4; lastKnownFileType = sourcecode.c.objc; path = Reachability.m; sourceTree = "<group>"; };
		B55CC920181B6198003F5CB2 /* libxml2.dylib */ = {isa = PBXFileReference; lastKnownFileType = "compiled.mach-o.dylib"; name = libxml2.dylib; path = usr/lib/libxml2.dylib; sourceTree = SDKROOT; };
		B5A21D8E181B6AA0002F4E2D /* EIMainViewController.h */ = {isa = PBXFileReference; fileEncoding = 4; lastKnownFileType = sourcecode.c.h; path = EIMainViewController.h; sourceTree = "<group>"; };
		B5A21D8F181B6AA0002F4E2D /* EIMainViewController.m */ = {isa = PBXFileReference; fileEncoding = 4; lastKnownFileType = sourcecode.c.objc; path = EIMainViewController.m; sourceTree = "<group>"; };
		B5A21D91181B6AD0002F4E2D /* EIQuickNavView.h */ = {isa = PBXFileReference; fileEncoding = 4; lastKnownFileType = sourcecode.c.h; path = EIQuickNavView.h; sourceTree = "<group>"; };
		B5A21D92181B6AD0002F4E2D /* EIQuickNavView.m */ = {isa = PBXFileReference; fileEncoding = 4; lastKnownFileType = sourcecode.c.objc; path = EIQuickNavView.m; sourceTree = "<group>"; };
		B5A21D94181B6B0E002F4E2D /* EIPullData.h */ = {isa = PBXFileReference; fileEncoding = 4; lastKnownFileType = sourcecode.c.h; path = EIPullData.h; sourceTree = "<group>"; };
		B5A21D95181B6B0E002F4E2D /* EIPullData.m */ = {isa = PBXFileReference; fileEncoding = 4; lastKnownFileType = sourcecode.c.objc; path = EIPullData.m; sourceTree = "<group>"; };
		B5A21D97181B6C49002F4E2D /* 57.png */ = {isa = PBXFileReference; lastKnownFileType = image.png; path = 57.png; sourceTree = "<group>"; };
		B5A21D98181B6C49002F4E2D /* 114.png */ = {isa = PBXFileReference; lastKnownFileType = image.png; path = 114.png; sourceTree = "<group>"; };
		B5A21D9B181B6D4C002F4E2D /* EIQuickNavPosition.plist */ = {isa = PBXFileReference; fileEncoding = 4; lastKnownFileType = text.plist.xml; path = EIQuickNavPosition.plist; sourceTree = "<group>"; };
		B5D617AD18208B960084A26A /* EIAddQuickNavViewController.h */ = {isa = PBXFileReference; fileEncoding = 4; lastKnownFileType = sourcecode.c.h; path = EIAddQuickNavViewController.h; sourceTree = "<group>"; };
		B5D617AE18208B960084A26A /* EIAddQuickNavViewController.m */ = {isa = PBXFileReference; fileEncoding = 4; lastKnownFileType = sourcecode.c.objc; path = EIAddQuickNavViewController.m; sourceTree = "<group>"; };
		B5D617B018208D750084A26A /* add.png */ = {isa = PBXFileReference; lastKnownFileType = image.png; path = add.png; sourceTree = "<group>"; };
/* End PBXFileReference section */

/* Begin PBXFrameworksBuildPhase section */
		B55CC865181B544D003F5CB2 /* Frameworks */ = {
			isa = PBXFrameworksBuildPhase;
			buildActionMask = 2147483647;
			files = (
				B55CC921181B6198003F5CB2 /* libxml2.dylib in Frameworks */,
				B55CC903181B5B3D003F5CB2 /* libsqlite3.dylib in Frameworks */,
				1549BEA018210E13003C465C /* libzbar.a in Frameworks */,
				B55CC8B2181B5869003F5CB2 /* MobileCoreServices.framework in Frameworks */,
				B55CC8B0181B5854003F5CB2 /* Security.framework in Frameworks */,
				B55CC8AE181B5841003F5CB2 /* libz.1.1.3.dylib in Frameworks */,
				B55CC8AA181B5820003F5CB2 /* SystemConfiguration.framework in Frameworks */,
				B55CC8A8181B580A003F5CB2 /* QuartzCore.framework in Frameworks */,
				B55CC8A6181B57FE003F5CB2 /* CFNetwork.framework in Frameworks */,
				B55CC86E181B544E003F5CB2 /* CoreGraphics.framework in Frameworks */,
				B55CC870181B544E003F5CB2 /* UIKit.framework in Frameworks */,
				B55CC86C181B544E003F5CB2 /* Foundation.framework in Frameworks */,
			);
			runOnlyForDeploymentPostprocessing = 0;
		};
/* End PBXFrameworksBuildPhase section */

/* Begin PBXGroup section */
		1549BE7E18210E13003C465C /* Animate */ = {
			isa = PBXGroup;
			children = (
				1549BE7F18210E13003C465C /* UIView+MDCShineEffect.h */,
				1549BE8018210E13003C465C /* UIView+MDCShineEffect.m */,
			);
			path = Animate;
			sourceTree = "<group>";
		};
		1549BE8118210E13003C465C /* ZBarSDK */ = {
			isa = PBXGroup;
			children = (
				1549BE8218210E13003C465C /* Headers */,
				1549BE9918210E13003C465C /* libzbar.a */,
				1549BE9A18210E13003C465C /* Resources */,
			);
			path = ZBarSDK;
			sourceTree = "<group>";
		};
		1549BE8218210E13003C465C /* Headers */ = {
			isa = PBXGroup;
			children = (
				1549BE8318210E13003C465C /* ZBarSDK */,
			);
			path = Headers;
			sourceTree = "<group>";
		};
		1549BE8318210E13003C465C /* ZBarSDK */ = {
			isa = PBXGroup;
			children = (
				1549BE8418210E13003C465C /* zbar */,
				1549BE8E18210E13003C465C /* zbar.h */,
				1549BE8F18210E13003C465C /* ZBarCameraSimulator.h */,
				1549BE9018210E13003C465C /* ZBarCaptureReader.h */,
				1549BE9118210E13003C465C /* ZBarHelpController.h */,
				1549BE9218210E13003C465C /* ZBarImage.h */,
				1549BE9318210E13003C465C /* ZBarImageScanner.h */,
				1549BE9418210E13003C465C /* ZBarReaderController.h */,
				1549BE9518210E13003C465C /* ZBarReaderView.h */,
				1549BE9618210E13003C465C /* ZBarReaderViewController.h */,
				1549BE9718210E13003C465C /* ZBarSDK.h */,
				1549BE9818210E13003C465C /* ZBarSymbol.h */,
			);
			path = ZBarSDK;
			sourceTree = "<group>";
		};
		1549BE8418210E13003C465C /* zbar */ = {
			isa = PBXGroup;
			children = (
				1549BE8518210E13003C465C /* Decoder.h */,
				1549BE8618210E13003C465C /* Exception.h */,
				1549BE8718210E13003C465C /* Image.h */,
				1549BE8818210E13003C465C /* ImageScanner.h */,
				1549BE8918210E13003C465C /* Processor.h */,
				1549BE8A18210E13003C465C /* Scanner.h */,
				1549BE8B18210E13003C465C /* Symbol.h */,
				1549BE8C18210E13003C465C /* Video.h */,
				1549BE8D18210E13003C465C /* Window.h */,
			);
			path = zbar;
			sourceTree = "<group>";
		};
		1549BE9A18210E13003C465C /* Resources */ = {
			isa = PBXGroup;
			children = (
				1549BE9B18210E13003C465C /* zbar-back.png */,
				1549BE9C18210E13003C465C /* zbar-help.html */,
				1549BE9D18210E13003C465C /* zbar-helpicons.png */,
				1549BE9E18210E13003C465C /* zbar-samples.png */,
			);
			path = Resources;
			sourceTree = "<group>";
		};
		1549BEA518210E86003C465C /* libqrencode */ = {
			isa = PBXGroup;
			children = (
				1549BEA618210E86003C465C /* bitstream.c */,
				1549BEA718210E86003C465C /* bitstream.h */,
				1549BEA818210E86003C465C /* mask.c */,
				1549BEA918210E86003C465C /* mask.h */,
				1549BEAA18210E86003C465C /* QRCodeGenerator.h */,
				1549BEAB18210E86003C465C /* QRCodeGenerator.m */,
				1549BEAC18210E86003C465C /* qrencode.c */,
				1549BEAD18210E86003C465C /* qrencode.h */,
				1549BEAE18210E86003C465C /* qrinput.c */,
				1549BEAF18210E86003C465C /* qrinput.h */,
				1549BEB018210E86003C465C /* qrspec.c */,
				1549BEB118210E86003C465C /* qrspec.h */,
				1549BEB218210E86003C465C /* rscode.c */,
				1549BEB318210E86003C465C /* rscode.h */,
				1549BEB418210E86003C465C /* split.c */,
				1549BEB518210E86003C465C /* split.h */,
			);
			path = libqrencode;
			sourceTree = "<group>";
		};
		B55CC85F181B544D003F5CB2 = {
			isa = PBXGroup;
			children = (
				B55CC871181B544E003F5CB2 /* EINumbers */,
				B55CC86A181B544E003F5CB2 /* Frameworks */,
				B55CC869181B544D003F5CB2 /* Products */,
			);
			sourceTree = "<group>";
		};
		B55CC869181B544D003F5CB2 /* Products */ = {
			isa = PBXGroup;
			children = (
				B55CC868181B544D003F5CB2 /* EINumbers.app */,
			);
			name = Products;
			sourceTree = "<group>";
		};
		B55CC86A181B544E003F5CB2 /* Frameworks */ = {
			isa = PBXGroup;
			children = (
				B55CC8AD181B5841003F5CB2 /* libz.1.1.3.dylib */,
				B55CC920181B6198003F5CB2 /* libxml2.dylib */,
				B55CC902181B5B3D003F5CB2 /* libsqlite3.dylib */,
				B55CC8B1181B5869003F5CB2 /* MobileCoreServices.framework */,
				B55CC8AF181B5854003F5CB2 /* Security.framework */,
				B55CC8A9181B5820003F5CB2 /* SystemConfiguration.framework */,
				B55CC8A7181B580A003F5CB2 /* QuartzCore.framework */,
				B55CC8A5181B57FE003F5CB2 /* CFNetwork.framework */,
				B55CC86B181B544E003F5CB2 /* Foundation.framework */,
				B55CC86D181B544E003F5CB2 /* CoreGraphics.framework */,
				B55CC86F181B544E003F5CB2 /* UIKit.framework */,
				B55CC884181B544E003F5CB2 /* XCTest.framework */,
			);
			name = Frameworks;
			sourceTree = "<group>";
		};
		B55CC871181B544E003F5CB2 /* EINumbers */ = {
			isa = PBXGroup;
			children = (
				B55CC89A181B54D7003F5CB2 /* Class */,
				B55CC89E181B54D7003F5CB2 /* Images */,
				B55CC8A0181B55A9003F5CB2 /* Data */,
				B55CC872181B544E003F5CB2 /* Supporting Files */,
			);
			path = EINumbers;
			sourceTree = "<group>";
		};
		B55CC872181B544E003F5CB2 /* Supporting Files */ = {
			isa = PBXGroup;
			children = (
				B55CC873181B544E003F5CB2 /* EINumbers-Info.plist */,
				B55CC874181B544E003F5CB2 /* InfoPlist.strings */,
				B55CC877181B544E003F5CB2 /* main.m */,
				B55CC879181B544E003F5CB2 /* EINumbers-Prefix.pch */,
			);
			name = "Supporting Files";
			sourceTree = "<group>";
		};
		B55CC89A181B54D7003F5CB2 /* Class */ = {
			isa = PBXGroup;
			children = (
				B55CC8A1181B55CF003F5CB2 /* Controller */,
				B55CC8A2181B55CF003F5CB2 /* Model */,
				B55CC8A3181B55CF003F5CB2 /* View */,
				B55CC89B181B54D7003F5CB2 /* AppDelegate */,
				B55CC8A4181B55FA003F5CB2 /* Library */,
			);
			path = Class;
			sourceTree = "<group>";
		};
		B55CC89B181B54D7003F5CB2 /* AppDelegate */ = {
			isa = PBXGroup;
			children = (
				B55CC89C181B54D7003F5CB2 /* EIAppDelegate.h */,
				B55CC89D181B54D7003F5CB2 /* EIAppDelegate.m */,
			);
			path = AppDelegate;
			sourceTree = "<group>";
		};
		B55CC89E181B54D7003F5CB2 /* Images */ = {
			isa = PBXGroup;
			children = (
				15469036182263CD00EC4FD0 /* center.png */,
				15469037182263CD00EC4FD0 /* select.png */,
				15469038182263CD00EC4FD0 /* shadow.png */,
				B5D617B018208D750084A26A /* add.png */,
				B50A3D03181F38500022BB2F /* erase.png */,
				15279A9E181B72F5006C06DE /* 40.png */,
				15279A9F181B72F5006C06DE /* block.png */,
				15279AA0181B72F5006C06DE /* bluetooth.png */,
				15279AA1181B72F5006C06DE /* download.png */,
				15279AA2181B72F5006C06DE /* file.png */,
				B5A21D97181B6C49002F4E2D /* 57.png */,
				B5A21D98181B6C49002F4E2D /* 114.png */,
			);
			path = Images;
			sourceTree = "<group>";
		};
		B55CC8A0181B55A9003F5CB2 /* Data */ = {
			isa = PBXGroup;
			children = (
				B5A21D9B181B6D4C002F4E2D /* EIQuickNavPosition.plist */,
			);
			path = Data;
			sourceTree = "<group>";
		};
		B55CC8A1181B55CF003F5CB2 /* Controller */ = {
			isa = PBXGroup;
			children = (
				1549BEBE18210EC4003C465C /* EIScannerViewController.h */,
				1549BEBF18210EC4003C465C /* EIScannerViewController.m */,
				B5A21D8E181B6AA0002F4E2D /* EIMainViewController.h */,
				B5A21D8F181B6AA0002F4E2D /* EIMainViewController.m */,
				B5D617AD18208B960084A26A /* EIAddQuickNavViewController.h */,
				B5D617AE18208B960084A26A /* EIAddQuickNavViewController.m */,
				15469045182264B200EC4FD0 /* EIPieChartViewController.h */,
				15469046182264B200EC4FD0 /* EIPieChartViewController.m */,
			);
			path = Controller;
			sourceTree = "<group>";
		};
		B55CC8A2181B55CF003F5CB2 /* Model */ = {
			isa = PBXGroup;
			children = (
				B5A21D94181B6B0E002F4E2D /* EIPullData.h */,
				B5A21D95181B6B0E002F4E2D /* EIPullData.m */,
				B51910F0181CFE9C00E3DD7A /* EIQuickNavDataModel.h */,
				B51910F1181CFE9C00E3DD7A /* EIQuickNavDataModel.m */,
			);
			path = Model;
			sourceTree = "<group>";
		};
		B55CC8A3181B55CF003F5CB2 /* View */ = {
			isa = PBXGroup;
			children = (
				1546903C1822641600EC4FD0 /* PieChartView.h */,
				1546903D1822641600EC4FD0 /* PieChartView.m */,
				1546903E1822641600EC4FD0 /* RenderView.h */,
				1546903F1822641600EC4FD0 /* RenderView.m */,
				154690401822641600EC4FD0 /* RotatedView.h */,
				154690411822641600EC4FD0 /* RotatedView.m */,
				B5A21D91181B6AD0002F4E2D /* EIQuickNavView.h */,
				B5A21D92181B6AD0002F4E2D /* EIQuickNavView.m */,
			);
			path = View;
			sourceTree = "<group>";
		};
		B55CC8A4181B55FA003F5CB2 /* Library */ = {
			isa = PBXGroup;
			children = (
				1549BEA518210E86003C465C /* libqrencode */,
				1549BE7E18210E13003C465C /* Animate */,
				1549BE8118210E13003C465C /* ZBarSDK */,
				B55CC918181B60E0003F5CB2 /* MBProgressHUD */,
				B55CC904181B5BAC003F5CB2 /* FMDB */,
				B55CC8FE181B5978003F5CB2 /* JSONKit */,
				B55CC8B3181B58C0003F5CB2 /* ASIHTTPRequest */,
			);
			path = Library;
			sourceTree = "<group>";
		};
		B55CC8B3181B58C0003F5CB2 /* ASIHTTPRequest */ = {
			isa = PBXGroup;
			children = (
				B55CC8C8181B58C0003F5CB2 /* ASIWebPageRequest */,
				B55CC8CB181B58C0003F5CB2 /* CloudFiles */,
				B55CC8DA181B58C0003F5CB2 /* S3 */,
				B55CC91C181B6153003F5CB2 /* Reachability */,
				B55CC8B4181B58C0003F5CB2 /* ASIAuthenticationDialog.h */,
				B55CC8B5181B58C0003F5CB2 /* ASIAuthenticationDialog.m */,
				B55CC8B6181B58C0003F5CB2 /* ASICacheDelegate.h */,
				B55CC8B7181B58C0003F5CB2 /* ASIDataCompressor.h */,
				B55CC8B8181B58C0003F5CB2 /* ASIDataCompressor.m */,
				B55CC8B9181B58C0003F5CB2 /* ASIDataDecompressor.h */,
				B55CC8BA181B58C0003F5CB2 /* ASIDataDecompressor.m */,
				B55CC8BB181B58C0003F5CB2 /* ASIDownloadCache.h */,
				B55CC8BC181B58C0003F5CB2 /* ASIDownloadCache.m */,
				B55CC8BD181B58C0003F5CB2 /* ASIFormDataRequest.h */,
				B55CC8BE181B58C0003F5CB2 /* ASIFormDataRequest.m */,
				B55CC8BF181B58C0003F5CB2 /* ASIHTTPRequest.h */,
				B55CC8C0181B58C0003F5CB2 /* ASIHTTPRequest.m */,
				B55CC8C1181B58C0003F5CB2 /* ASIHTTPRequestConfig.h */,
				B55CC8C2181B58C0003F5CB2 /* ASIHTTPRequestDelegate.h */,
				B55CC8C3181B58C0003F5CB2 /* ASIInputStream.h */,
				B55CC8C4181B58C0003F5CB2 /* ASIInputStream.m */,
				B55CC8C5181B58C0003F5CB2 /* ASINetworkQueue.h */,
				B55CC8C6181B58C0003F5CB2 /* ASINetworkQueue.m */,
				B55CC8C7181B58C0003F5CB2 /* ASIProgressDelegate.h */,
			);
			path = ASIHTTPRequest;
			sourceTree = "<group>";
		};
		B55CC8C8181B58C0003F5CB2 /* ASIWebPageRequest */ = {
			isa = PBXGroup;
			children = (
				B55CC8C9181B58C0003F5CB2 /* ASIWebPageRequest.h */,
				B55CC8CA181B58C0003F5CB2 /* ASIWebPageRequest.m */,
			);
			path = ASIWebPageRequest;
			sourceTree = "<group>";
		};
		B55CC8CB181B58C0003F5CB2 /* CloudFiles */ = {
			isa = PBXGroup;
			children = (
				B55CC8CC181B58C0003F5CB2 /* ASICloudFilesCDNRequest.h */,
				B55CC8CD181B58C0003F5CB2 /* ASICloudFilesCDNRequest.m */,
				B55CC8CE181B58C0003F5CB2 /* ASICloudFilesContainer.h */,
				B55CC8CF181B58C0003F5CB2 /* ASICloudFilesContainer.m */,
				B55CC8D0181B58C0003F5CB2 /* ASICloudFilesContainerRequest.h */,
				B55CC8D1181B58C0003F5CB2 /* ASICloudFilesContainerRequest.m */,
				B55CC8D2181B58C0003F5CB2 /* ASICloudFilesContainerXMLParserDelegate.h */,
				B55CC8D3181B58C0003F5CB2 /* ASICloudFilesContainerXMLParserDelegate.m */,
				B55CC8D4181B58C0003F5CB2 /* ASICloudFilesObject.h */,
				B55CC8D5181B58C0003F5CB2 /* ASICloudFilesObject.m */,
				B55CC8D6181B58C0003F5CB2 /* ASICloudFilesObjectRequest.h */,
				B55CC8D7181B58C0003F5CB2 /* ASICloudFilesObjectRequest.m */,
				B55CC8D8181B58C0003F5CB2 /* ASICloudFilesRequest.h */,
				B55CC8D9181B58C0003F5CB2 /* ASICloudFilesRequest.m */,
			);
			path = CloudFiles;
			sourceTree = "<group>";
		};
		B55CC8DA181B58C0003F5CB2 /* S3 */ = {
			isa = PBXGroup;
			children = (
				B55CC8DB181B58C0003F5CB2 /* ASINSXMLParserCompat.h */,
				B55CC8DC181B58C0003F5CB2 /* ASIS3Bucket.h */,
				B55CC8DD181B58C0003F5CB2 /* ASIS3Bucket.m */,
				B55CC8DE181B58C0003F5CB2 /* ASIS3BucketObject.h */,
				B55CC8DF181B58C0003F5CB2 /* ASIS3BucketObject.m */,
				B55CC8E0181B58C0003F5CB2 /* ASIS3BucketRequest.h */,
				B55CC8E1181B58C0003F5CB2 /* ASIS3BucketRequest.m */,
				B55CC8E2181B58C0003F5CB2 /* ASIS3ObjectRequest.h */,
				B55CC8E3181B58C0003F5CB2 /* ASIS3ObjectRequest.m */,
				B55CC8E4181B58C0003F5CB2 /* ASIS3Request.h */,
				B55CC8E5181B58C0003F5CB2 /* ASIS3Request.m */,
				B55CC8E6181B58C0003F5CB2 /* ASIS3ServiceRequest.h */,
				B55CC8E7181B58C0003F5CB2 /* ASIS3ServiceRequest.m */,
			);
			path = S3;
			sourceTree = "<group>";
		};
		B55CC8FE181B5978003F5CB2 /* JSONKit */ = {
			isa = PBXGroup;
			children = (
				B55CC8FF181B5978003F5CB2 /* JSONKit.h */,
				B55CC900181B5978003F5CB2 /* JSONKit.m */,
			);
			path = JSONKit;
			sourceTree = "<group>";
		};
		B55CC904181B5BAC003F5CB2 /* FMDB */ = {
			isa = PBXGroup;
			children = (
				B55CC905181B5BAC003F5CB2 /* Extra */,
				B55CC908181B5BAC003F5CB2 /* FMDatabase.h */,
				B55CC909181B5BAC003F5CB2 /* FMDatabase.m */,
				B55CC90A181B5BAC003F5CB2 /* FMDatabaseAdditions.h */,
				B55CC90B181B5BAC003F5CB2 /* FMDatabaseAdditions.m */,
				B55CC90C181B5BAC003F5CB2 /* FMDatabasePool.h */,
				B55CC90D181B5BAC003F5CB2 /* FMDatabasePool.m */,
				B55CC90E181B5BAC003F5CB2 /* FMDatabaseQueue.h */,
				B55CC90F181B5BAC003F5CB2 /* FMDatabaseQueue.m */,
				B55CC910181B5BAC003F5CB2 /* FMResultSet.h */,
				B55CC911181B5BAC003F5CB2 /* FMResultSet.m */,
			);
			path = FMDB;
			sourceTree = "<group>";
		};
		B55CC905181B5BAC003F5CB2 /* Extra */ = {
			isa = PBXGroup;
			children = (
				B55CC906181B5BAC003F5CB2 /* FMDatabase+InMemoryOnDiskIO.h */,
				B55CC907181B5BAC003F5CB2 /* FMDatabase+InMemoryOnDiskIO.m */,
			);
			path = Extra;
			sourceTree = "<group>";
		};
		B55CC918181B60E0003F5CB2 /* MBProgressHUD */ = {
			isa = PBXGroup;
			children = (
				B55CC919181B60E0003F5CB2 /* MBProgressHUD.h */,
				B55CC91A181B60E0003F5CB2 /* MBProgressHUD.m */,
			);
			path = MBProgressHUD;
			sourceTree = "<group>";
		};
		B55CC91C181B6153003F5CB2 /* Reachability */ = {
			isa = PBXGroup;
			children = (
				B55CC91D181B6153003F5CB2 /* Reachability.h */,
				B55CC91E181B6153003F5CB2 /* Reachability.m */,
			);
			path = Reachability;
			sourceTree = "<group>";
		};
/* End PBXGroup section */

/* Begin PBXNativeTarget section */
		B55CC867181B544D003F5CB2 /* EINumbers */ = {
			isa = PBXNativeTarget;
			buildConfigurationList = B55CC894181B544E003F5CB2 /* Build configuration list for PBXNativeTarget "EINumbers" */;
			buildPhases = (
				B55CC864181B544D003F5CB2 /* Sources */,
				B55CC865181B544D003F5CB2 /* Frameworks */,
				B55CC866181B544D003F5CB2 /* Resources */,
			);
			buildRules = (
			);
			dependencies = (
			);
			name = EINumbers;
			productName = EINumbers;
			productReference = B55CC868181B544D003F5CB2 /* EINumbers.app */;
			productType = "com.apple.product-type.application";
		};
/* End PBXNativeTarget section */

/* Begin PBXProject section */
		B55CC860181B544D003F5CB2 /* Project object */ = {
			isa = PBXProject;
			attributes = {
				CLASSPREFIX = EI;
				LastUpgradeCheck = 0500;
				ORGANIZATIONNAME = "薛 迎松";
			};
			buildConfigurationList = B55CC863181B544D003F5CB2 /* Build configuration list for PBXProject "EINumbers" */;
			compatibilityVersion = "Xcode 3.2";
			developmentRegion = English;
			hasScannedForEncodings = 0;
			knownRegions = (
				en,
			);
			mainGroup = B55CC85F181B544D003F5CB2;
			productRefGroup = B55CC869181B544D003F5CB2 /* Products */;
			projectDirPath = "";
			projectRoot = "";
			targets = (
				B55CC867181B544D003F5CB2 /* EINumbers */,
			);
		};
/* End PBXProject section */

/* Begin PBXResourcesBuildPhase section */
		B55CC866181B544D003F5CB2 /* Resources */ = {
			isa = PBXResourcesBuildPhase;
			buildActionMask = 2147483647;
			files = (
				15279AA3181B72F5006C06DE /* 40.png in Resources */,
				15279AA5181B72F5006C06DE /* bluetooth.png in Resources */,
				B50A3D04181F38500022BB2F /* erase.png in Resources */,
				1549BEA418210E13003C465C /* zbar-samples.png in Resources */,
				1549BEA318210E13003C465C /* zbar-helpicons.png in Resources */,
				15279AA7181B72F5006C06DE /* file.png in Resources */,
				B5A21D9A181B6C49002F4E2D /* 114.png in Resources */,
				1546903A182263CD00EC4FD0 /* select.png in Resources */,
				B55CC876181B544E003F5CB2 /* InfoPlist.strings in Resources */,
				B5D617B118208D750084A26A /* add.png in Resources */,
				B5A21D99181B6C49002F4E2D /* 57.png in Resources */,
				B5A21D9C181B6D4C002F4E2D /* EIQuickNavPosition.plist in Resources */,
				1549BEA218210E13003C465C /* zbar-help.html in Resources */,
				15279AA4181B72F5006C06DE /* block.png in Resources */,
				15279AA6181B72F5006C06DE /* download.png in Resources */,
				15469039182263CD00EC4FD0 /* center.png in Resources */,
				1549BEA118210E13003C465C /* zbar-back.png in Resources */,
				1546903B182263CD00EC4FD0 /* shadow.png in Resources */,
			);
			runOnlyForDeploymentPostprocessing = 0;
		};
/* End PBXResourcesBuildPhase section */

/* Begin PBXSourcesBuildPhase section */
		B55CC864181B544D003F5CB2 /* Sources */ = {
			isa = PBXSourcesBuildPhase;
			buildActionMask = 2147483647;
			files = (
				B55CC8EC181B58C0003F5CB2 /* ASIFormDataRequest.m in Sources */,
				B5A21D90181B6AA0002F4E2D /* EIMainViewController.m in Sources */,
				B5D617AF18208B960084A26A /* EIAddQuickNavViewController.m in Sources */,
				B55CC912181B5BAC003F5CB2 /* FMDatabase+InMemoryOnDiskIO.m in Sources */,
				B55CC8F2181B58C0003F5CB2 /* ASICloudFilesContainer.m in Sources */,
				1549BEC018210EC4003C465C /* EIScannerViewController.m in Sources */,
				154690431822641600EC4FD0 /* RenderView.m in Sources */,
				B55CC8ED181B58C0003F5CB2 /* ASIHTTPRequest.m in Sources */,
				B51910F2181CFE9C00E3DD7A /* EIQuickNavDataModel.m in Sources */,
				B55CC915181B5BAC003F5CB2 /* FMDatabasePool.m in Sources */,
				B55CC916181B5BAC003F5CB2 /* FMDatabaseQueue.m in Sources */,
				B55CC89F181B54D7003F5CB2 /* EIAppDelegate.m in Sources */,
				B55CC8E8181B58C0003F5CB2 /* ASIAuthenticationDialog.m in Sources */,
				B55CC8F4181B58C0003F5CB2 /* ASICloudFilesContainerXMLParserDelegate.m in Sources */,
				B55CC8FC181B58C0003F5CB2 /* ASIS3Request.m in Sources */,
				B55CC8FB181B58C0003F5CB2 /* ASIS3ObjectRequest.m in Sources */,
				1549BEBC18210E86003C465C /* rscode.c in Sources */,
				B55CC917181B5BAC003F5CB2 /* FMResultSet.m in Sources */,
				B55CC8F8181B58C0003F5CB2 /* ASIS3Bucket.m in Sources */,
				1549BEBB18210E86003C465C /* qrspec.c in Sources */,
				B55CC8EF181B58C0003F5CB2 /* ASINetworkQueue.m in Sources */,
				B5A21D93181B6AD0002F4E2D /* EIQuickNavView.m in Sources */,
				1549BEBA18210E86003C465C /* qrinput.c in Sources */,
				1549BEB818210E86003C465C /* QRCodeGenerator.m in Sources */,
				1549BEB918210E86003C465C /* qrencode.c in Sources */,
				B55CC8F6181B58C0003F5CB2 /* ASICloudFilesObjectRequest.m in Sources */,
				B55CC91B181B60E0003F5CB2 /* MBProgressHUD.m in Sources */,
				B55CC913181B5BAC003F5CB2 /* FMDatabase.m in Sources */,
				1549BE9F18210E13003C465C /* UIView+MDCShineEffect.m in Sources */,
				B55CC8F1181B58C0003F5CB2 /* ASICloudFilesCDNRequest.m in Sources */,
				B5A21D96181B6B0E002F4E2D /* EIPullData.m in Sources */,
				B55CC8F7181B58C0003F5CB2 /* ASICloudFilesRequest.m in Sources */,
				B55CC8F3181B58C0003F5CB2 /* ASICloudFilesContainerRequest.m in Sources */,
				B55CC8EB181B58C0003F5CB2 /* ASIDownloadCache.m in Sources */,
				15469047182264B200EC4FD0 /* EIPieChartViewController.m in Sources */,
				154690421822641600EC4FD0 /* PieChartView.m in Sources */,
				B55CC8EE181B58C0003F5CB2 /* ASIInputStream.m in Sources */,
				B55CC8FA181B58C0003F5CB2 /* ASIS3BucketRequest.m in Sources */,
				B55CC914181B5BAC003F5CB2 /* FMDatabaseAdditions.m in Sources */,
				1549BEBD18210E86003C465C /* split.c in Sources */,
				B55CC8F9181B58C0003F5CB2 /* ASIS3BucketObject.m in Sources */,
				B55CC91F181B6153003F5CB2 /* Reachability.m in Sources */,
				1549BEB618210E86003C465C /* bitstream.c in Sources */,
				B55CC8E9181B58C0003F5CB2 /* ASIDataCompressor.m in Sources */,
				B55CC878181B544E003F5CB2 /* main.m in Sources */,
				B55CC8F0181B58C0003F5CB2 /* ASIWebPageRequest.m in Sources */,
				1549BEB718210E86003C465C /* mask.c in Sources */,
				B55CC8FD181B58C0003F5CB2 /* ASIS3ServiceRequest.m in Sources */,
				154690441822641600EC4FD0 /* RotatedView.m in Sources */,
				B55CC8F5181B58C0003F5CB2 /* ASICloudFilesObject.m in Sources */,
				B55CC8EA181B58C0003F5CB2 /* ASIDataDecompressor.m in Sources */,
				B55CC901181B5978003F5CB2 /* JSONKit.m in Sources */,
			);
			runOnlyForDeploymentPostprocessing = 0;
		};
/* End PBXSourcesBuildPhase section */

/* Begin PBXVariantGroup section */
		B55CC874181B544E003F5CB2 /* InfoPlist.strings */ = {
			isa = PBXVariantGroup;
			children = (
				B55CC875181B544E003F5CB2 /* en */,
			);
			name = InfoPlist.strings;
			sourceTree = "<group>";
		};
/* End PBXVariantGroup section */

/* Begin XCBuildConfiguration section */
		B55CC892181B544E003F5CB2 /* Debug */ = {
			isa = XCBuildConfiguration;
			buildSettings = {
				ALWAYS_SEARCH_USER_PATHS = NO;
				ARCHS = "$(ARCHS_STANDARD_INCLUDING_64_BIT)";
				CLANG_CXX_LANGUAGE_STANDARD = "gnu++0x";
				CLANG_CXX_LIBRARY = "libc++";
				CLANG_ENABLE_MODULES = YES;
				CLANG_ENABLE_OBJC_ARC = YES;
				CLANG_WARN_BOOL_CONVERSION = YES;
				CLANG_WARN_CONSTANT_CONVERSION = YES;
				CLANG_WARN_DIRECT_OBJC_ISA_USAGE = YES_ERROR;
				CLANG_WARN_EMPTY_BODY = YES;
				CLANG_WARN_ENUM_CONVERSION = YES;
				CLANG_WARN_INT_CONVERSION = YES;
				CLANG_WARN_OBJC_ROOT_CLASS = YES_ERROR;
				CLANG_WARN__DUPLICATE_METHOD_MATCH = YES;
				"CODE_SIGN_IDENTITY[sdk=iphoneos*]" = "iPhone Developer";
				COPY_PHASE_STRIP = NO;
				GCC_C_LANGUAGE_STANDARD = gnu99;
				GCC_DYNAMIC_NO_PIC = NO;
				GCC_OPTIMIZATION_LEVEL = 0;
				GCC_PREPROCESSOR_DEFINITIONS = (
					"DEBUG=1",
					"$(inherited)",
				);
				GCC_SYMBOLS_PRIVATE_EXTERN = NO;
				GCC_WARN_64_TO_32_BIT_CONVERSION = YES;
				GCC_WARN_ABOUT_RETURN_TYPE = YES_ERROR;
				GCC_WARN_UNDECLARED_SELECTOR = YES;
				GCC_WARN_UNINITIALIZED_AUTOS = YES;
				GCC_WARN_UNUSED_FUNCTION = YES;
				GCC_WARN_UNUSED_VARIABLE = YES;
				IPHONEOS_DEPLOYMENT_TARGET = 7.0;
				ONLY_ACTIVE_ARCH = YES;
				SDKROOT = iphoneos;
			};
			name = Debug;
		};
		B55CC893181B544E003F5CB2 /* Release */ = {
			isa = XCBuildConfiguration;
			buildSettings = {
				ALWAYS_SEARCH_USER_PATHS = NO;
				ARCHS = "$(ARCHS_STANDARD_INCLUDING_64_BIT)";
				CLANG_CXX_LANGUAGE_STANDARD = "gnu++0x";
				CLANG_CXX_LIBRARY = "libc++";
				CLANG_ENABLE_MODULES = YES;
				CLANG_ENABLE_OBJC_ARC = YES;
				CLANG_WARN_BOOL_CONVERSION = YES;
				CLANG_WARN_CONSTANT_CONVERSION = YES;
				CLANG_WARN_DIRECT_OBJC_ISA_USAGE = YES_ERROR;
				CLANG_WARN_EMPTY_BODY = YES;
				CLANG_WARN_ENUM_CONVERSION = YES;
				CLANG_WARN_INT_CONVERSION = YES;
				CLANG_WARN_OBJC_ROOT_CLASS = YES_ERROR;
				CLANG_WARN__DUPLICATE_METHOD_MATCH = YES;
				"CODE_SIGN_IDENTITY[sdk=iphoneos*]" = "iPhone Developer";
				COPY_PHASE_STRIP = YES;
				ENABLE_NS_ASSERTIONS = NO;
				GCC_C_LANGUAGE_STANDARD = gnu99;
				GCC_WARN_64_TO_32_BIT_CONVERSION = YES;
				GCC_WARN_ABOUT_RETURN_TYPE = YES_ERROR;
				GCC_WARN_UNDECLARED_SELECTOR = YES;
				GCC_WARN_UNINITIALIZED_AUTOS = YES;
				GCC_WARN_UNUSED_FUNCTION = YES;
				GCC_WARN_UNUSED_VARIABLE = YES;
				IPHONEOS_DEPLOYMENT_TARGET = 7.0;
				SDKROOT = iphoneos;
				VALIDATE_PRODUCT = YES;
			};
			name = Release;
		};
		B55CC895181B544E003F5CB2 /* Debug */ = {
			isa = XCBuildConfiguration;
			buildSettings = {
				ASSETCATALOG_COMPILER_APPICON_NAME = AppIcon;
				ASSETCATALOG_COMPILER_LAUNCHIMAGE_NAME = LaunchImage;
				CLANG_ENABLE_OBJC_ARC = NO;
				GCC_PRECOMPILE_PREFIX_HEADER = YES;
				GCC_PREFIX_HEADER = "EINumbers/EINumbers-Prefix.pch";
				HEADER_SEARCH_PATHS = (
					"$(inherited)",
					/Applications/Xcode.app/Contents/Developer/Toolchains/XcodeDefault.xctoolchain/usr/include,
					"${SDK_DIR}/usr/include/libxml2",
				);
				INFOPLIST_FILE = "EINumbers/EINumbers-Info.plist";
				IPHONEOS_DEPLOYMENT_TARGET = 6.0;
				LIBRARY_SEARCH_PATHS = (
					"$(inherited)",
					/Users/liangyanan/Downloads/Numbers/EINumbers/EINumbers/Class/Library/ZBarSDK,
				);
				PRODUCT_NAME = "$(TARGET_NAME)";
				WRAPPER_EXTENSION = app;
			};
			name = Debug;
		};
		B55CC896181B544E003F5CB2 /* Release */ = {
			isa = XCBuildConfiguration;
			buildSettings = {
				ASSETCATALOG_COMPILER_APPICON_NAME = AppIcon;
				ASSETCATALOG_COMPILER_LAUNCHIMAGE_NAME = LaunchImage;
				CLANG_ENABLE_OBJC_ARC = NO;
				GCC_PRECOMPILE_PREFIX_HEADER = YES;
				GCC_PREFIX_HEADER = "EINumbers/EINumbers-Prefix.pch";
				HEADER_SEARCH_PATHS = (
					"$(inherited)",
					/Applications/Xcode.app/Contents/Developer/Toolchains/XcodeDefault.xctoolchain/usr/include,
					"${SDK_DIR}/usr/include/libxml2",
				);
				INFOPLIST_FILE = "EINumbers/EINumbers-Info.plist";
				IPHONEOS_DEPLOYMENT_TARGET = 6.0;
				LIBRARY_SEARCH_PATHS = (
					"$(inherited)",
					/Users/liangyanan/Downloads/Numbers/EINumbers/EINumbers/Class/Library/ZBarSDK,
				);
				PRODUCT_NAME = "$(TARGET_NAME)";
				WRAPPER_EXTENSION = app;
			};
			name = Release;
		};
/* End XCBuildConfiguration section */

/* Begin XCConfigurationList section */
		B55CC863181B544D003F5CB2 /* Build configuration list for PBXProject "EINumbers" */ = {
			isa = XCConfigurationList;
			buildConfigurations = (
				B55CC892181B544E003F5CB2 /* Debug */,
				B55CC893181B544E003F5CB2 /* Release */,
			);
			defaultConfigurationIsVisible = 0;
			defaultConfigurationName = Release;
		};
		B55CC894181B544E003F5CB2 /* Build configuration list for PBXNativeTarget "EINumbers" */ = {
			isa = XCConfigurationList;
			buildConfigurations = (
				B55CC895181B544E003F5CB2 /* Debug */,
				B55CC896181B544E003F5CB2 /* Release */,
			);
			defaultConfigurationIsVisible = 0;
			defaultConfigurationName = Release;
		};
/* End XCConfigurationList section */
	};
	rootObject = B55CC860181B544D003F5CB2 /* Project object */;
}
